
Microsoft Visual Studio Solution File, Format Version 12.00
# Visual Studio Version 16
VisualStudioVersion = 16.0.35229.62
MinimumVisualStudioVersion = 10.0.40219.1
Project("{FAE04EC0-301F-11D3-BF4B-00C04F79EFBC}") = "trois nombre le plus petit", "trois nombre le plus petit\trois nombre le plus petit.csproj", "{28E29DB8-E808-4E6D-B2D8-CE0939137A32}"
EndProject
Global
	GlobalSection(SolutionConfigurationPlatforms) = preSolution
		Debug|Any CPU = Debug|Any CPU
		Release|Any CPU = Release|Any CPU
	EndGlobalSection
	GlobalSection(ProjectConfigurationPlatforms) = postSolution
		{28E29DB8-E808-4E6D-B2D8-CE0939137A32}.Debug|Any CPU.ActiveCfg = Debug|Any CPU
		{28E29DB8-E808-4E6D-B2D8-CE0939137A32}.Debug|Any CPU.Build.0 = Debug|Any CPU
		{28E29DB8-E808-4E6D-B2D8-CE0939137A32}.Release|Any CPU.ActiveCfg = Release|Any CPU
		{28E29DB8-E808-4E6D-B2D8-CE0939137A32}.Release|Any CPU.Build.0 = Release|Any CPU
	EndGlobalSection
	GlobalSection(SolutionProperties) = preSolution
		HideSolutionNode = FALSE
	EndGlobalSection
	GlobalSection(ExtensibilityGlobals) = postSolution
		SolutionGuid = {F8DA02B6-A363-463F-BDF8-95CF6A892DE9}
	EndGlobalSection
EndGlobal
